
Microsoft Visual Studio Solution File, Format Version 12.00
# Visual Studio Version 16
VisualStudioVersion = 16.0.31402.337
MinimumVisualStudioVersion = 10.0.40219.1
Project("{FAE04EC0-301F-11D3-BF4B-00C04F79EFBC}") = "HomeworkQuizSimple", "HomeworkQuizSimple\HomeworkQuizSimple.csproj", "{A464EF27-F622-4048-A527-CFFB6D7C0ED7}"
EndProject
Global
	GlobalSection(SolutionConfigurationPlatforms) = preSolution
		Debug|Any CPU = Debug|Any CPU
		Release|Any CPU = Release|Any CPU
	EndGlobalSection
	GlobalSection(ProjectConfigurationPlatforms) = postSolution
		{A464EF27-F622-4048-A527-CFFB6D7C0ED7}.Debug|Any CPU.ActiveCfg = Debug|Any CPU
		{A464EF27-F622-4048-A527-CFFB6D7C0ED7}.Debug|Any CPU.Build.0 = Debug|Any CPU
		{A464EF27-F622-4048-A527-CFFB6D7C0ED7}.Release|Any CPU.ActiveCfg = Release|Any CPU
		{A464EF27-F622-4048-A527-CFFB6D7C0ED7}.Release|Any CPU.Build.0 = Release|Any CPU
	EndGlobalSection
	GlobalSection(SolutionProperties) = preSolution
		HideSolutionNode = FALSE
	EndGlobalSection
	GlobalSection(ExtensibilityGlobals) = postSolution
		SolutionGuid = {AC3B7A1B-7A10-4A01-A288-4250E0D9D675}
	EndGlobalSection
EndGlobal
